
Microsoft Visual Studio Solution File, Format Version 12.00
# Visual Studio Version 16
VisualStudioVersion = 16.0.29613.14
MinimumVisualStudioVersion = 10.0.40219.1
Project("{FAE04EC0-301F-11D3-BF4B-00C04F79EFBC}") = "DnDGen.RollGen", "DnDGen.RollGen\DnDGen.RollGen.csproj", "{F7A023C3-F9D4-4E4F-97FE-088386E4052A}"
EndProject
Project("{FAE04EC0-301F-11D3-BF4B-00C04F79EFBC}") = "DnDGen.RollGen.Tests.Unit", "DnDGen.RollGen.Tests.Unit\DnDGen.RollGen.Tests.Unit.csproj", "{0C2BE08D-5A3C-4138-B7F5-17F3900E5AB8}"
EndProject
Project("{FAE04EC0-301F-11D3-BF4B-00C04F79EFBC}") = "DnDGen.RollGen.Tests.Integration", "DnDGen.RollGen.Tests.Integration\DnDGen.RollGen.Tests.Integration.csproj", "{A3938051-33F4-4284-9A4B-9DC0BB29E6FC}"
EndProject
Project("{FAE04EC0-301F-11D3-BF4B-00C04F79EFBC}") = "DnDGen.RollGen.Tests.Integration.IoC", "DnDGen.RollGen.Tests.Integration.IoC\DnDGen.RollGen.Tests.Integration.IoC.csproj", "{A13979CD-A8BF-4DD4-938D-466C29EDC586}"
EndProject
Project("{FAE04EC0-301F-11D3-BF4B-00C04F79EFBC}") = "DnDGen.RollGen.Tests.Integration.Stress", "DnDGen.RollGen.Tests.Integration.Stress\DnDGen.RollGen.Tests.Integration.Stress.csproj", "{08F3948A-47A1-451A-AA56-79F0740471BD}"
EndProject
Global
	GlobalSection(SolutionConfigurationPlatforms) = preSolution
		Debug|Any CPU = Debug|Any CPU
		Release|Any CPU = Release|Any CPU
		Stress|Any CPU = Stress|Any CPU
	EndGlobalSection
	GlobalSection(ProjectConfigurationPlatforms) = postSolution
		{F7A023C3-F9D4-4E4F-97FE-088386E4052A}.Debug|Any CPU.ActiveCfg = Debug|Any CPU
		{F7A023C3-F9D4-4E4F-97FE-088386E4052A}.Debug|Any CPU.Build.0 = Debug|Any CPU
		{F7A023C3-F9D4-4E4F-97FE-088386E4052A}.Release|Any CPU.ActiveCfg = Release|Any CPU
		{F7A023C3-F9D4-4E4F-97FE-088386E4052A}.Release|Any CPU.Build.0 = Release|Any CPU
		{F7A023C3-F9D4-4E4F-97FE-088386E4052A}.Stress|Any CPU.ActiveCfg = Debug|Any CPU
		{F7A023C3-F9D4-4E4F-97FE-088386E4052A}.Stress|Any CPU.Build.0 = Debug|Any CPU
		{0C2BE08D-5A3C-4138-B7F5-17F3900E5AB8}.Debug|Any CPU.ActiveCfg = Debug|Any CPU
		{0C2BE08D-5A3C-4138-B7F5-17F3900E5AB8}.Debug|Any CPU.Build.0 = Debug|Any CPU
		{0C2BE08D-5A3C-4138-B7F5-17F3900E5AB8}.Release|Any CPU.ActiveCfg = Release|Any CPU
		{0C2BE08D-5A3C-4138-B7F5-17F3900E5AB8}.Release|Any CPU.Build.0 = Release|Any CPU
		{0C2BE08D-5A3C-4138-B7F5-17F3900E5AB8}.Stress|Any CPU.ActiveCfg = Debug|Any CPU
		{0C2BE08D-5A3C-4138-B7F5-17F3900E5AB8}.Stress|Any CPU.Build.0 = Debug|Any CPU
		{A3938051-33F4-4284-9A4B-9DC0BB29E6FC}.Debug|Any CPU.ActiveCfg = Debug|Any CPU
		{A3938051-33F4-4284-9A4B-9DC0BB29E6FC}.Debug|Any CPU.Build.0 = Debug|Any CPU
		{A3938051-33F4-4284-9A4B-9DC0BB29E6FC}.Release|Any CPU.ActiveCfg = Release|Any CPU
		{A3938051-33F4-4284-9A4B-9DC0BB29E6FC}.Release|Any CPU.Build.0 = Release|Any CPU
		{A3938051-33F4-4284-9A4B-9DC0BB29E6FC}.Stress|Any CPU.ActiveCfg = Debug|Any CPU
		{A3938051-33F4-4284-9A4B-9DC0BB29E6FC}.Stress|Any CPU.Build.0 = Debug|Any CPU
		{A13979CD-A8BF-4DD4-938D-466C29EDC586}.Debug|Any CPU.ActiveCfg = Debug|Any CPU
		{A13979CD-A8BF-4DD4-938D-466C29EDC586}.Debug|Any CPU.Build.0 = Debug|Any CPU
		{A13979CD-A8BF-4DD4-938D-466C29EDC586}.Release|Any CPU.ActiveCfg = Release|Any CPU
		{A13979CD-A8BF-4DD4-938D-466C29EDC586}.Release|Any CPU.Build.0 = Release|Any CPU
		{A13979CD-A8BF-4DD4-938D-466C29EDC586}.Stress|Any CPU.ActiveCfg = Debug|Any CPU
		{A13979CD-A8BF-4DD4-938D-466C29EDC586}.Stress|Any CPU.Build.0 = Debug|Any CPU
		{08F3948A-47A1-451A-AA56-79F0740471BD}.Debug|Any CPU.ActiveCfg = Debug|Any CPU
		{08F3948A-47A1-451A-AA56-79F0740471BD}.Debug|Any CPU.Build.0 = Debug|Any CPU
		{08F3948A-47A1-451A-AA56-79F0740471BD}.Release|Any CPU.ActiveCfg = Release|Any CPU
		{08F3948A-47A1-451A-AA56-79F0740471BD}.Release|Any CPU.Build.0 = Release|Any CPU
		{08F3948A-47A1-451A-AA56-79F0740471BD}.Stress|Any CPU.ActiveCfg = Debug|Any CPU
		{08F3948A-47A1-451A-AA56-79F0740471BD}.Stress|Any CPU.Build.0 = Debug|Any CPU
	EndGlobalSection
	GlobalSection(SolutionProperties) = preSolution
		HideSolutionNode = FALSE
	EndGlobalSection
	GlobalSection(ExtensibilityGlobals) = postSolution
		SolutionGuid = {24D1AB46-4A56-476D-9F4D-C72E8E8E8AE2}
	EndGlobalSection
EndGlobal
