
Microsoft Visual Studio Solution File, Format Version 12.00
# Visual Studio 14
VisualStudioVersion = 14.0.25123.0
MinimumVisualStudioVersion = 10.0.40219.1
Project("{FAE04EC0-301F-11D3-BF4B-00C04F79EFBC}") = "RollGen", "RollGen\RollGen.csproj", "{1E946755-ACA8-4C4A-8116-82B6E11E5F8A}"
EndProject
Project("{FAE04EC0-301F-11D3-BF4B-00C04F79EFBC}") = "RollGen.Domain", "RollGen.Domain\RollGen.Domain.csproj", "{A04A2392-A66D-4FEE-A931-4A17991AF64C}"
EndProject
Project("{FAE04EC0-301F-11D3-BF4B-00C04F79EFBC}") = "RollGen.Tests.Integration.Common", "RollGen.Tests.Integration.Common\RollGen.Tests.Integration.Common.csproj", "{50A4CA5A-8F54-4261-B742-0F8537C253A8}"
EndProject
Project("{FAE04EC0-301F-11D3-BF4B-00C04F79EFBC}") = "RollGen.Tests.Unit", "RollGen.Tests.Unit\RollGen.Tests.Unit.csproj", "{515B1863-22B5-43D2-B178-13BE556BB948}"
EndProject
Project("{FAE04EC0-301F-11D3-BF4B-00C04F79EFBC}") = "RollGen.Tests.Integration.IoC", "RollGen.Tests.Integration.IoC\RollGen.Tests.Integration.IoC.csproj", "{EA914488-C037-458E-BFCE-D679502EF537}"
EndProject
Project("{FAE04EC0-301F-11D3-BF4B-00C04F79EFBC}") = "RollGen.Tests.Integration.Stress", "RollGen.Tests.Integration.Stress\RollGen.Tests.Integration.Stress.csproj", "{41D20EC2-8B21-422F-AAFA-3EBC4CDCF792}"
EndProject
Global
	GlobalSection(SolutionConfigurationPlatforms) = preSolution
		Debug|Any CPU = Debug|Any CPU
		Release|Any CPU = Release|Any CPU
		Stress|Any CPU = Stress|Any CPU
	EndGlobalSection
	GlobalSection(ProjectConfigurationPlatforms) = postSolution
		{1E946755-ACA8-4C4A-8116-82B6E11E5F8A}.Debug|Any CPU.ActiveCfg = Debug|Any CPU
		{1E946755-ACA8-4C4A-8116-82B6E11E5F8A}.Debug|Any CPU.Build.0 = Debug|Any CPU
		{1E946755-ACA8-4C4A-8116-82B6E11E5F8A}.Release|Any CPU.ActiveCfg = Release|Any CPU
		{1E946755-ACA8-4C4A-8116-82B6E11E5F8A}.Release|Any CPU.Build.0 = Release|Any CPU
		{1E946755-ACA8-4C4A-8116-82B6E11E5F8A}.Stress|Any CPU.ActiveCfg = Stress|Any CPU
		{1E946755-ACA8-4C4A-8116-82B6E11E5F8A}.Stress|Any CPU.Build.0 = Stress|Any CPU
		{A04A2392-A66D-4FEE-A931-4A17991AF64C}.Debug|Any CPU.ActiveCfg = Debug|Any CPU
		{A04A2392-A66D-4FEE-A931-4A17991AF64C}.Debug|Any CPU.Build.0 = Debug|Any CPU
		{A04A2392-A66D-4FEE-A931-4A17991AF64C}.Release|Any CPU.ActiveCfg = Release|Any CPU
		{A04A2392-A66D-4FEE-A931-4A17991AF64C}.Release|Any CPU.Build.0 = Release|Any CPU
		{A04A2392-A66D-4FEE-A931-4A17991AF64C}.Stress|Any CPU.ActiveCfg = Stress|Any CPU
		{A04A2392-A66D-4FEE-A931-4A17991AF64C}.Stress|Any CPU.Build.0 = Stress|Any CPU
		{50A4CA5A-8F54-4261-B742-0F8537C253A8}.Debug|Any CPU.ActiveCfg = Debug|Any CPU
		{50A4CA5A-8F54-4261-B742-0F8537C253A8}.Debug|Any CPU.Build.0 = Debug|Any CPU
		{50A4CA5A-8F54-4261-B742-0F8537C253A8}.Release|Any CPU.ActiveCfg = Release|Any CPU
		{50A4CA5A-8F54-4261-B742-0F8537C253A8}.Release|Any CPU.Build.0 = Release|Any CPU
		{50A4CA5A-8F54-4261-B742-0F8537C253A8}.Stress|Any CPU.ActiveCfg = Stress|Any CPU
		{50A4CA5A-8F54-4261-B742-0F8537C253A8}.Stress|Any CPU.Build.0 = Stress|Any CPU
		{515B1863-22B5-43D2-B178-13BE556BB948}.Debug|Any CPU.ActiveCfg = Debug|Any CPU
		{515B1863-22B5-43D2-B178-13BE556BB948}.Debug|Any CPU.Build.0 = Debug|Any CPU
		{515B1863-22B5-43D2-B178-13BE556BB948}.Release|Any CPU.ActiveCfg = Release|Any CPU
		{515B1863-22B5-43D2-B178-13BE556BB948}.Release|Any CPU.Build.0 = Release|Any CPU
		{515B1863-22B5-43D2-B178-13BE556BB948}.Stress|Any CPU.ActiveCfg = Stress|Any CPU
		{515B1863-22B5-43D2-B178-13BE556BB948}.Stress|Any CPU.Build.0 = Stress|Any CPU
		{EA914488-C037-458E-BFCE-D679502EF537}.Debug|Any CPU.ActiveCfg = Debug|Any CPU
		{EA914488-C037-458E-BFCE-D679502EF537}.Debug|Any CPU.Build.0 = Debug|Any CPU
		{EA914488-C037-458E-BFCE-D679502EF537}.Release|Any CPU.ActiveCfg = Release|Any CPU
		{EA914488-C037-458E-BFCE-D679502EF537}.Release|Any CPU.Build.0 = Release|Any CPU
		{EA914488-C037-458E-BFCE-D679502EF537}.Stress|Any CPU.ActiveCfg = Stress|Any CPU
		{EA914488-C037-458E-BFCE-D679502EF537}.Stress|Any CPU.Build.0 = Stress|Any CPU
		{41D20EC2-8B21-422F-AAFA-3EBC4CDCF792}.Debug|Any CPU.ActiveCfg = Debug|Any CPU
		{41D20EC2-8B21-422F-AAFA-3EBC4CDCF792}.Debug|Any CPU.Build.0 = Debug|Any CPU
		{41D20EC2-8B21-422F-AAFA-3EBC4CDCF792}.Release|Any CPU.ActiveCfg = Release|Any CPU
		{41D20EC2-8B21-422F-AAFA-3EBC4CDCF792}.Release|Any CPU.Build.0 = Release|Any CPU
		{41D20EC2-8B21-422F-AAFA-3EBC4CDCF792}.Stress|Any CPU.ActiveCfg = Stress|Any CPU
		{41D20EC2-8B21-422F-AAFA-3EBC4CDCF792}.Stress|Any CPU.Build.0 = Stress|Any CPU
	EndGlobalSection
	GlobalSection(SolutionProperties) = preSolution
		HideSolutionNode = FALSE
	EndGlobalSection
EndGlobal
